
Microsoft Visual Studio Solution File, Format Version 12.00
# Visual Studio Version 16
VisualStudioVersion = 16.0.29911.84
MinimumVisualStudioVersion = 10.0.40219.1
Project("{FAE04EC0-301F-11D3-BF4B-00C04F79EFBC}") = "Hades.Api", "Hades.Api\Hades.Api.csproj", "{22742E27-5760-4D93-8F31-E8BEFDB54AEC}"
EndProject
Global
	GlobalSection(SolutionConfigurationPlatforms) = preSolution
		Debug|Any CPU = Debug|Any CPU
		Release|Any CPU = Release|Any CPU
	EndGlobalSection
	GlobalSection(ProjectConfigurationPlatforms) = postSolution
		{22742E27-5760-4D93-8F31-E8BEFDB54AEC}.Debug|Any CPU.ActiveCfg = Debug|Any CPU
		{22742E27-5760-4D93-8F31-E8BEFDB54AEC}.Debug|Any CPU.Build.0 = Debug|Any CPU
		{22742E27-5760-4D93-8F31-E8BEFDB54AEC}.Release|Any CPU.ActiveCfg = Release|Any CPU
		{22742E27-5760-4D93-8F31-E8BEFDB54AEC}.Release|Any CPU.Build.0 = Release|Any CPU
	EndGlobalSection
	GlobalSection(SolutionProperties) = preSolution
		HideSolutionNode = FALSE
	EndGlobalSection
	GlobalSection(ExtensibilityGlobals) = postSolution
		SolutionGuid = {5C391670-8A2C-462E-B1DC-D6CF7AD58867}
	EndGlobalSection
EndGlobal
